
Microsoft Visual Studio Solution File, Format Version 12.00
# Visual Studio Version 17
VisualStudioVersion = 17.9.34728.123
MinimumVisualStudioVersion = 10.0.40219.1
Project("{FAE04EC0-301F-11D3-BF4B-00C04F79EFBC}") = "CapaPresentacion", "CapaPresentacion\CapaPresentacion.csproj", "{B92572F3-7C4C-4156-9624-9B04F808AF19}"
EndProject
Project("{FAE04EC0-301F-11D3-BF4B-00C04F79EFBC}") = "CapaEntidad", "CapaEntidad\CapaEntidad.csproj", "{B83B5155-41A5-4D5E-A204-E84EEEA113E6}"
EndProject
Project("{FAE04EC0-301F-11D3-BF4B-00C04F79EFBC}") = "CapaNegocio", "CapaNegocio\CapaNegocio.csproj", "{59ECAE0B-B884-4537-A589-F305E007C4CE}"
EndProject
Project("{FAE04EC0-301F-11D3-BF4B-00C04F79EFBC}") = "CapaDatos", "CapaDatos\CapaDatos.csproj", "{1ECD0D8D-3AB6-41D0-A4CC-5A9F39BDC31D}"
EndProject
Global
	GlobalSection(SolutionConfigurationPlatforms) = preSolution
		Debug|Any CPU = Debug|Any CPU
		Release|Any CPU = Release|Any CPU
	EndGlobalSection
	GlobalSection(ProjectConfigurationPlatforms) = postSolution
		{B92572F3-7C4C-4156-9624-9B04F808AF19}.Debug|Any CPU.ActiveCfg = Debug|Any CPU
		{B92572F3-7C4C-4156-9624-9B04F808AF19}.Debug|Any CPU.Build.0 = Debug|Any CPU
		{B92572F3-7C4C-4156-9624-9B04F808AF19}.Release|Any CPU.ActiveCfg = Release|Any CPU
		{B92572F3-7C4C-4156-9624-9B04F808AF19}.Release|Any CPU.Build.0 = Release|Any CPU
		{B83B5155-41A5-4D5E-A204-E84EEEA113E6}.Debug|Any CPU.ActiveCfg = Debug|Any CPU
		{B83B5155-41A5-4D5E-A204-E84EEEA113E6}.Debug|Any CPU.Build.0 = Debug|Any CPU
		{B83B5155-41A5-4D5E-A204-E84EEEA113E6}.Release|Any CPU.ActiveCfg = Release|Any CPU
		{B83B5155-41A5-4D5E-A204-E84EEEA113E6}.Release|Any CPU.Build.0 = Release|Any CPU
		{59ECAE0B-B884-4537-A589-F305E007C4CE}.Debug|Any CPU.ActiveCfg = Debug|Any CPU
		{59ECAE0B-B884-4537-A589-F305E007C4CE}.Debug|Any CPU.Build.0 = Debug|Any CPU
		{59ECAE0B-B884-4537-A589-F305E007C4CE}.Release|Any CPU.ActiveCfg = Release|Any CPU
		{59ECAE0B-B884-4537-A589-F305E007C4CE}.Release|Any CPU.Build.0 = Release|Any CPU
		{1ECD0D8D-3AB6-41D0-A4CC-5A9F39BDC31D}.Debug|Any CPU.ActiveCfg = Debug|Any CPU
		{1ECD0D8D-3AB6-41D0-A4CC-5A9F39BDC31D}.Debug|Any CPU.Build.0 = Debug|Any CPU
		{1ECD0D8D-3AB6-41D0-A4CC-5A9F39BDC31D}.Release|Any CPU.ActiveCfg = Release|Any CPU
		{1ECD0D8D-3AB6-41D0-A4CC-5A9F39BDC31D}.Release|Any CPU.Build.0 = Release|Any CPU
	EndGlobalSection
	GlobalSection(SolutionProperties) = preSolution
		HideSolutionNode = FALSE
	EndGlobalSection
	GlobalSection(ExtensibilityGlobals) = postSolution
		SolutionGuid = {4A02606F-7C8F-426D-A5FE-822CE524CCE8}
	EndGlobalSection
EndGlobal
